// !$*UTF8*$!
{
	archiveVersion = 1;
	classes = {
	};
	objectVersion = 50;
	objects = {

/* Begin PBXBuildFile section */
		BFB80C6C2192ECD90023EB61 /* AppDelegate.m in Sources */ = {isa = PBXBuildFile; fileRef = BFB80C6B2192ECD90023EB61 /* AppDelegate.m */; };
		BFB80C6F2192ECD90023EB61 /* ViewController.m in Sources */ = {isa = PBXBuildFile; fileRef = BFB80C6E2192ECD90023EB61 /* ViewController.m */; };
		BFB80C722192ECD90023EB61 /* Main.storyboard in Resources */ = {isa = PBXBuildFile; fileRef = BFB80C702192ECD90023EB61 /* Main.storyboard */; };
		BFB80C742192ECDB0023EB61 /* Assets.xcassets in Resources */ = {isa = PBXBuildFile; fileRef = BFB80C732192ECDB0023EB61 /* Assets.xcassets */; };
		BFB80C772192ECDB0023EB61 /* LaunchScreen.storyboard in Resources */ = {isa = PBXBuildFile; fileRef = BFB80C752192ECDB0023EB61 /* LaunchScreen.storyboard */; };
		BFB80C7A2192ECDB0023EB61 /* main.m in Sources */ = {isa = PBXBuildFile; fileRef = BFB80C792192ECDB0023EB61 /* main.m */; };
		BFB80C842192ECDB0023EB61 /* OpenGL_demoTests.m in Sources */ = {isa = PBXBuildFile; fileRef = BFB80C832192ECDB0023EB61 /* OpenGL_demoTests.m */; };
		BFB80C8F2192ECDB0023EB61 /* OpenGL_demoUITests.m in Sources */ = {isa = PBXBuildFile; fileRef = BFB80C8E2192ECDB0023EB61 /* OpenGL_demoUITests.m */; };
		BFB80C9F2192EE360023EB61 /* BaseController.m in Sources */ = {isa = PBXBuildFile; fileRef = BFB80C9E2192EE360023EB61 /* BaseController.m */; };
		BFB80CA22192EFB40023EB61 /* OneController.m in Sources */ = {isa = PBXBuildFile; fileRef = BFB80CA12192EFB40023EB61 /* OneController.m */; };
/* End PBXBuildFile section */

/* Begin PBXContainerItemProxy section */
		BFB80C802192ECDB0023EB61 /* PBXContainerItemProxy */ = {
			isa = PBXContainerItemProxy;
			containerPortal = BFB80C5F2192ECD90023EB61 /* Project object */;
			proxyType = 1;
			remoteGlobalIDString = BFB80C662192ECD90023EB61;
			remoteInfo = OpenGL_demo;
		};
		BFB80C8B2192ECDB0023EB61 /* PBXContainerItemProxy */ = {
			isa = PBXContainerItemProxy;
			containerPortal = BFB80C5F2192ECD90023EB61 /* Project object */;
			proxyType = 1;
			remoteGlobalIDString = BFB80C662192ECD90023EB61;
			remoteInfo = OpenGL_demo;
		};
/* End PBXContainerItemProxy section */

/* Begin PBXFileReference section */
		BFB80C672192ECD90023EB61 /* OpenGL_demo.app */ = {isa = PBXFileReference; explicitFileType = wrapper.application; includeInIndex = 0; path = OpenGL_demo.app; sourceTree = BUILT_PRODUCTS_DIR; };
		BFB80C6A2192ECD90023EB61 /* AppDelegate.h */ = {isa = PBXFileReference; lastKnownFileType = sourcecode.c.h; path = AppDelegate.h; sourceTree = "<group>"; };
		BFB80C6B2192ECD90023EB61 /* AppDelegate.m */ = {isa = PBXFileReference; lastKnownFileType = sourcecode.c.objc; path = AppDelegate.m; sourceTree = "<group>"; };
		BFB80C6D2192ECD90023EB61 /* ViewController.h */ = {isa = PBXFileReference; lastKnownFileType = sourcecode.c.h; path = ViewController.h; sourceTree = "<group>"; };
		BFB80C6E2192ECD90023EB61 /* ViewController.m */ = {isa = PBXFileReference; lastKnownFileType = sourcecode.c.objc; path = ViewController.m; sourceTree = "<group>"; };
		BFB80C712192ECD90023EB61 /* Base */ = {isa = PBXFileReference; lastKnownFileType = file.storyboard; name = Base; path = Base.lproj/Main.storyboard; sourceTree = "<group>"; };
		BFB80C732192ECDB0023EB61 /* Assets.xcassets */ = {isa = PBXFileReference; lastKnownFileType = folder.assetcatalog; path = Assets.xcassets; sourceTree = "<group>"; };
		BFB80C762192ECDB0023EB61 /* Base */ = {isa = PBXFileReference; lastKnownFileType = file.storyboard; name = Base; path = Base.lproj/LaunchScreen.storyboard; sourceTree = "<group>"; };
		BFB80C782192ECDB0023EB61 /* Info.plist */ = {isa = PBXFileReference; lastKnownFileType = text.plist.xml; path = Info.plist; sourceTree = "<group>"; };
		BFB80C792192ECDB0023EB61 /* main.m */ = {isa = PBXFileReference; lastKnownFileType = sourcecode.c.objc; path = main.m; sourceTree = "<group>"; };
		BFB80C7F2192ECDB0023EB61 /* OpenGL_demoTests.xctest */ = {isa = PBXFileReference; explicitFileType = wrapper.cfbundle; includeInIndex = 0; path = OpenGL_demoTests.xctest; sourceTree = BUILT_PRODUCTS_DIR; };
		BFB80C832192ECDB0023EB61 /* OpenGL_demoTests.m */ = {isa = PBXFileReference; lastKnownFileType = sourcecode.c.objc; path = OpenGL_demoTests.m; sourceTree = "<group>"; };
		BFB80C852192ECDB0023EB61 /* Info.plist */ = {isa = PBXFileReference; lastKnownFileType = text.plist.xml; path = Info.plist; sourceTree = "<group>"; };
		BFB80C8A2192ECDB0023EB61 /* OpenGL_demoUITests.xctest */ = {isa = PBXFileReference; explicitFileType = wrapper.cfbundle; includeInIndex = 0; path = OpenGL_demoUITests.xctest; sourceTree = BUILT_PRODUCTS_DIR; };
		BFB80C8E2192ECDB0023EB61 /* OpenGL_demoUITests.m */ = {isa = PBXFileReference; lastKnownFileType = sourcecode.c.objc; path = OpenGL_demoUITests.m; sourceTree = "<group>"; };
		BFB80C902192ECDB0023EB61 /* Info.plist */ = {isa = PBXFileReference; lastKnownFileType = text.plist.xml; path = Info.plist; sourceTree = "<group>"; };
		BFB80C9D2192EE360023EB61 /* BaseController.h */ = {isa = PBXFileReference; lastKnownFileType = sourcecode.c.h; path = BaseController.h; sourceTree = "<group>"; };
		BFB80C9E2192EE360023EB61 /* BaseController.m */ = {isa = PBXFileReference; lastKnownFileType = sourcecode.c.objc; path = BaseController.m; sourceTree = "<group>"; };
		BFB80CA02192EFB40023EB61 /* OneController.h */ = {isa = PBXFileReference; lastKnownFileType = sourcecode.c.h; path = OneController.h; sourceTree = "<group>"; };
		BFB80CA12192EFB40023EB61 /* OneController.m */ = {isa = PBXFileReference; lastKnownFileType = sourcecode.c.objc; path = OneController.m; sourceTree = "<group>"; };
/* End PBXFileReference section */

/* Begin PBXFrameworksBuildPhase section */
		BFB80C642192ECD90023EB61 /* Frameworks */ = {
			isa = PBXFrameworksBuildPhase;
			buildActionMask = 2147483647;
			files = (
			);
			runOnlyForDeploymentPostprocessing = 0;
		};
		BFB80C7C2192ECDB0023EB61 /* Frameworks */ = {
			isa = PBXFrameworksBuildPhase;
			buildActionMask = 2147483647;
			files = (
			);
			runOnlyForDeploymentPostprocessing = 0;
		};
		BFB80C872192ECDB0023EB61 /* Frameworks */ = {
			isa = PBXFrameworksBuildPhase;
			buildActionMask = 2147483647;
			files = (
			);
			runOnlyForDeploymentPostprocessing = 0;
		};
/* End PBXFrameworksBuildPhase section */

/* Begin PBXGroup section */
		BFB80C5E2192ECD90023EB61 = {
			isa = PBXGroup;
			children = (
				BFB80C692192ECD90023EB61 /* OpenGL_demo */,
				BFB80C822192ECDB0023EB61 /* OpenGL_demoTests */,
				BFB80C8D2192ECDB0023EB61 /* OpenGL_demoUITests */,
				BFB80C682192ECD90023EB61 /* Products */,
			);
			sourceTree = "<group>";
		};
		BFB80C682192ECD90023EB61 /* Products */ = {
			isa = PBXGroup;
			children = (
				BFB80C672192ECD90023EB61 /* OpenGL_demo.app */,
				BFB80C7F2192ECDB0023EB61 /* OpenGL_demoTests.xctest */,
				BFB80C8A2192ECDB0023EB61 /* OpenGL_demoUITests.xctest */,
			);
			name = Products;
			sourceTree = "<group>";
		};
		BFB80C692192ECD90023EB61 /* OpenGL_demo */ = {
			isa = PBXGroup;
			children = (
				BFB80C6A2192ECD90023EB61 /* AppDelegate.h */,
				BFB80C6B2192ECD90023EB61 /* AppDelegate.m */,
				BFB80C6D2192ECD90023EB61 /* ViewController.h */,
				BFB80C6E2192ECD90023EB61 /* ViewController.m */,
				BFB80C9C2192EE0F0023EB61 /* Controllers */,
				BFB80C702192ECD90023EB61 /* Main.storyboard */,
				BFB80C732192ECDB0023EB61 /* Assets.xcassets */,
				BFB80C752192ECDB0023EB61 /* LaunchScreen.storyboard */,
				BFB80C782192ECDB0023EB61 /* Info.plist */,
				BFB80C792192ECDB0023EB61 /* main.m */,
			);
			path = OpenGL_demo;
			sourceTree = "<group>";
		};
		BFB80C822192ECDB0023EB61 /* OpenGL_demoTests */ = {
			isa = PBXGroup;
			children = (
				BFB80C832192ECDB0023EB61 /* OpenGL_demoTests.m */,
				BFB80C852192ECDB0023EB61 /* Info.plist */,
			);
			path = OpenGL_demoTests;
			sourceTree = "<group>";
		};
		BFB80C8D2192ECDB0023EB61 /* OpenGL_demoUITests */ = {
			isa = PBXGroup;
			children = (
				BFB80C8E2192ECDB0023EB61 /* OpenGL_demoUITests.m */,
				BFB80C902192ECDB0023EB61 /* Info.plist */,
			);
			path = OpenGL_demoUITests;
			sourceTree = "<group>";
		};
		BFB80C9C2192EE0F0023EB61 /* Controllers */ = {
			isa = PBXGroup;
			children = (
				BFB80C9D2192EE360023EB61 /* BaseController.h */,
				BFB80C9E2192EE360023EB61 /* BaseController.m */,
				BFB80CA02192EFB40023EB61 /* OneController.h */,
				BFB80CA12192EFB40023EB61 /* OneController.m */,
			);
			path = Controllers;
			sourceTree = "<group>";
		};
/* End PBXGroup section */

/* Begin PBXNativeTarget section */
		BFB80C662192ECD90023EB61 /* OpenGL_demo */ = {
			isa = PBXNativeTarget;
			buildConfigurationList = BFB80C932192ECDB0023EB61 /* Build configuration list for PBXNativeTarget "OpenGL_demo" */;
			buildPhases = (
				BFB80C632192ECD90023EB61 /* Sources */,
				BFB80C642192ECD90023EB61 /* Frameworks */,
				BFB80C652192ECD90023EB61 /* Resources */,
			);
			buildRules = (
			);
			dependencies = (
			);
			name = OpenGL_demo;
			productName = OpenGL_demo;
			productReference = BFB80C672192ECD90023EB61 /* OpenGL_demo.app */;
			productType = "com.apple.product-type.application";
		};
		BFB80C7E2192ECDB0023EB61 /* OpenGL_demoTests */ = {
			isa = PBXNativeTarget;
			buildConfigurationList = BFB80C962192ECDB0023EB61 /* Build configuration list for PBXNativeTarget "OpenGL_demoTests" */;
			buildPhases = (
				BFB80C7B2192ECDB0023EB61 /* Sources */,
				BFB80C7C2192ECDB0023EB61 /* Frameworks */,
				BFB80C7D2192ECDB0023EB61 /* Resources */,
			);
			buildRules = (
			);
			dependencies = (
				BFB80C812192ECDB0023EB61 /* PBXTargetDependency */,
			);
			name = OpenGL_demoTests;
			productName = OpenGL_demoTests;
			productReference = BFB80C7F2192ECDB0023EB61 /* OpenGL_demoTests.xctest */;
			productType = "com.apple.product-type.bundle.unit-test";
		};
		BFB80C892192ECDB0023EB61 /* OpenGL_demoUITests */ = {
			isa = PBXNativeTarget;
			buildConfigurationList = BFB80C992192ECDB0023EB61 /* Build configuration list for PBXNativeTarget "OpenGL_demoUITests" */;
			buildPhases = (
				BFB80C862192ECDB0023EB61 /* Sources */,
				BFB80C872192ECDB0023EB61 /* Frameworks */,
				BFB80C882192ECDB0023EB61 /* Resources */,
			);
			buildRules = (
			);
			dependencies = (
				BFB80C8C2192ECDB0023EB61 /* PBXTargetDependency */,
			);
			name = OpenGL_demoUITests;
			productName = OpenGL_demoUITests;
			productReference = BFB80C8A2192ECDB0023EB61 /* OpenGL_demoUITests.xctest */;
			productType = "com.apple.product-type.bundle.ui-testing";
		};
/* End PBXNativeTarget section */

/* Begin PBXProject section */
		BFB80C5F2192ECD90023EB61 /* Project object */ = {
			isa = PBXProject;
			attributes = {
				LastUpgradeCheck = 1010;
				ORGANIZATIONNAME = "鹰云";
				TargetAttributes = {
					BFB80C662192ECD90023EB61 = {
						CreatedOnToolsVersion = 10.1;
					};
					BFB80C7E2192ECDB0023EB61 = {
						CreatedOnToolsVersion = 10.1;
						TestTargetID = BFB80C662192ECD90023EB61;
					};
					BFB80C892192ECDB0023EB61 = {
						CreatedOnToolsVersion = 10.1;
						TestTargetID = BFB80C662192ECD90023EB61;
					};
				};
			};
			buildConfigurationList = BFB80C622192ECD90023EB61 /* Build configuration list for PBXProject "OpenGL_demo" */;
			compatibilityVersion = "Xcode 9.3";
			developmentRegion = en;
			hasScannedForEncodings = 0;
			knownRegions = (
				en,
				Base,
			);
			mainGroup = BFB80C5E2192ECD90023EB61;
			productRefGroup = BFB80C682192ECD90023EB61 /* Products */;
			projectDirPath = "";
			projectRoot = "";
			targets = (
				BFB80C662192ECD90023EB61 /* OpenGL_demo */,
				BFB80C7E2192ECDB0023EB61 /* OpenGL_demoTests */,
				BFB80C892192ECDB0023EB61 /* OpenGL_demoUITests */,
			);
		};
/* End PBXProject section */

/* Begin PBXResourcesBuildPhase section */
		BFB80C652192ECD90023EB61 /* Resources */ = {
			isa = PBXResourcesBuildPhase;
			buildActionMask = 2147483647;
			files = (
				BFB80C772192ECDB0023EB61 /* LaunchScreen.storyboard in Resources */,
				BFB80C742192ECDB0023EB61 /* Assets.xcassets in Resources */,
				BFB80C722192ECD90023EB61 /* Main.storyboard in Resources */,
			);
			runOnlyForDeploymentPostprocessing = 0;
		};
		BFB80C7D2192ECDB0023EB61 /* Resources */ = {
			isa = PBXResourcesBuildPhase;
			buildActionMask = 2147483647;
			files = (
			);
			runOnlyForDeploymentPostprocessing = 0;
		};
		BFB80C882192ECDB0023EB61 /* Resources */ = {
			isa = PBXResourcesBuildPhase;
			buildActionMask = 2147483647;
			files = (
			);
			runOnlyForDeploymentPostprocessing = 0;
		};
/* End PBXResourcesBuildPhase section */

/* Begin PBXSourcesBuildPhase section */
		BFB80C632192ECD90023EB61 /* Sources */ = {
			isa = PBXSourcesBuildPhase;
			buildActionMask = 2147483647;
			files = (
				BFB80C6F2192ECD90023EB61 /* ViewController.m in Sources */,
				BFB80C7A2192ECDB0023EB61 /* main.m in Sources */,
				BFB80C9F2192EE360023EB61 /* BaseController.m in Sources */,
				BFB80CA22192EFB40023EB61 /* OneController.m in Sources */,
				BFB80C6C2192ECD90023EB61 /* AppDelegate.m in Sources */,
			);
			runOnlyForDeploymentPostprocessing = 0;
		};
		BFB80C7B2192ECDB0023EB61 /* Sources */ = {
			isa = PBXSourcesBuildPhase;
			buildActionMask = 2147483647;
			files = (
				BFB80C842192ECDB0023EB61 /* OpenGL_demoTests.m in Sources */,
			);
			runOnlyForDeploymentPostprocessing = 0;
		};
		BFB80C862192ECDB0023EB61 /* Sources */ = {
			isa = PBXSourcesBuildPhase;
			buildActionMask = 2147483647;
			files = (
				BFB80C8F2192ECDB0023EB61 /* OpenGL_demoUITests.m in Sources */,
			);
			runOnlyForDeploymentPostprocessing = 0;
		};
/* End PBXSourcesBuildPhase section */

/* Begin PBXTargetDependency section */
		BFB80C812192ECDB0023EB61 /* PBXTargetDependency */ = {
			isa = PBXTargetDependency;
			target = BFB80C662192ECD90023EB61 /* OpenGL_demo */;
			targetProxy = BFB80C802192ECDB0023EB61 /* PBXContainerItemProxy */;
		};
		BFB80C8C2192ECDB0023EB61 /* PBXTargetDependency */ = {
			isa = PBXTargetDependency;
			target = BFB80C662192ECD90023EB61 /* OpenGL_demo */;
			targetProxy = BFB80C8B2192ECDB0023EB61 /* PBXContainerItemProxy */;
		};
/* End PBXTargetDependency section */

/* Begin PBXVariantGroup section */
		BFB80C702192ECD90023EB61 /* Main.storyboard */ = {
			isa = PBXVariantGroup;
			children = (
				BFB80C712192ECD90023EB61 /* Base */,
			);
			name = Main.storyboard;
			sourceTree = "<group>";
		};
		BFB80C752192ECDB0023EB61 /* LaunchScreen.storyboard */ = {
			isa = PBXVariantGroup;
			children = (
				BFB80C762192ECDB0023EB61 /* Base */,
			);
			name = LaunchScreen.storyboard;
			sourceTree = "<group>";
		};
/* End PBXVariantGroup section */

/* Begin XCBuildConfiguration section */
		BFB80C912192ECDB0023EB61 /* Debug */ = {
			isa = XCBuildConfiguration;
			buildSettings = {
				ALWAYS_SEARCH_USER_PATHS = NO;
				CLANG_ANALYZER_NONNULL = YES;
				CLANG_ANALYZER_NUMBER_OBJECT_CONVERSION = YES_AGGRESSIVE;
				CLANG_CXX_LANGUAGE_STANDARD = "gnu++14";
				CLANG_CXX_LIBRARY = "libc++";
				CLANG_ENABLE_MODULES = YES;
				CLANG_ENABLE_OBJC_ARC = YES;
				CLANG_ENABLE_OBJC_WEAK = YES;
				CLANG_WARN_BLOCK_CAPTURE_AUTORELEASING = YES;
				CLANG_WARN_BOOL_CONVERSION = YES;
				CLANG_WARN_COMMA = YES;
				CLANG_WARN_CONSTANT_CONVERSION = YES;
				CLANG_WARN_DEPRECATED_OBJC_IMPLEMENTATIONS = YES;
				CLANG_WARN_DIRECT_OBJC_ISA_USAGE = YES_ERROR;
				CLANG_WARN_DOCUMENTATION_COMMENTS = YES;
				CLANG_WARN_EMPTY_BODY = YES;
				CLANG_WARN_ENUM_CONVERSION = YES;
				CLANG_WARN_INFINITE_RECURSION = YES;
				CLANG_WARN_INT_CONVERSION = YES;
				CLANG_WARN_NON_LITERAL_NULL_CONVERSION = YES;
				CLANG_WARN_OBJC_IMPLICIT_RETAIN_SELF = YES;
				CLANG_WARN_OBJC_LITERAL_CONVERSION = YES;
				CLANG_WARN_OBJC_ROOT_CLASS = YES_ERROR;
				CLANG_WARN_RANGE_LOOP_ANALYSIS = YES;
				CLANG_WARN_STRICT_PROTOTYPES = YES;
				CLANG_WARN_SUSPICIOUS_MOVE = YES;
				CLANG_WARN_UNGUARDED_AVAILABILITY = YES_AGGRESSIVE;
				CLANG_WARN_UNREACHABLE_CODE = YES;
				CLANG_WARN__DUPLICATE_METHOD_MATCH = YES;
				CODE_SIGN_IDENTITY = "iPhone Developer";
				COPY_PHASE_STRIP = NO;
				DEBUG_INFORMATION_FORMAT = dwarf;
				ENABLE_STRICT_OBJC_MSGSEND = YES;
				ENABLE_TESTABILITY = YES;
				GCC_C_LANGUAGE_STANDARD = gnu11;
				GCC_DYNAMIC_NO_PIC = NO;
				GCC_NO_COMMON_BLOCKS = YES;
				GCC_OPTIMIZATION_LEVEL = 0;
				GCC_PREPROCESSOR_DEFINITIONS = (
					"DEBUG=1",
					"$(inherited)",
				);
				GCC_WARN_64_TO_32_BIT_CONVERSION = YES;
				GCC_WARN_ABOUT_RETURN_TYPE = YES_ERROR;
				GCC_WARN_UNDECLARED_SELECTOR = YES;
				GCC_WARN_UNINITIALIZED_AUTOS = YES_AGGRESSIVE;
				GCC_WARN_UNUSED_FUNCTION = YES;
				GCC_WARN_UNUSED_VARIABLE = YES;
				IPHONEOS_DEPLOYMENT_TARGET = 12.1;
				MTL_ENABLE_DEBUG_INFO = INCLUDE_SOURCE;
				MTL_FAST_MATH = YES;
				ONLY_ACTIVE_ARCH = YES;
				SDKROOT = iphoneos;
			};
			name = Debug;
		};
		BFB80C922192ECDB0023EB61 /* Release */ = {
			isa = XCBuildConfiguration;
			buildSettings = {
				ALWAYS_SEARCH_USER_PATHS = NO;
				CLANG_ANALYZER_NONNULL = YES;
				CLANG_ANALYZER_NUMBER_OBJECT_CONVERSION = YES_AGGRESSIVE;
				CLANG_CXX_LANGUAGE_STANDARD = "gnu++14";
				CLANG_CXX_LIBRARY = "libc++";
				CLANG_ENABLE_MODULES = YES;
				CLANG_ENABLE_OBJC_ARC = YES;
				CLANG_ENABLE_OBJC_WEAK = YES;
				CLANG_WARN_BLOCK_CAPTURE_AUTORELEASING = YES;
				CLANG_WARN_BOOL_CONVERSION = YES;
				CLANG_WARN_COMMA = YES;
				CLANG_WARN_CONSTANT_CONVERSION = YES;
				CLANG_WARN_DEPRECATED_OBJC_IMPLEMENTATIONS = YES;
				CLANG_WARN_DIRECT_OBJC_ISA_USAGE = YES_ERROR;
				CLANG_WARN_DOCUMENTATION_COMMENTS = YES;
				CLANG_WARN_EMPTY_BODY = YES;
				CLANG_WARN_ENUM_CONVERSION = YES;
				CLANG_WARN_INFINITE_RECURSION = YES;
				CLANG_WARN_INT_CONVERSION = YES;
				CLANG_WARN_NON_LITERAL_NULL_CONVERSION = YES;
				CLANG_WARN_OBJC_IMPLICIT_RETAIN_SELF = YES;
				CLANG_WARN_OBJC_LITERAL_CONVERSION = YES;
				CLANG_WARN_OBJC_ROOT_CLASS = YES_ERROR;
				CLANG_WARN_RANGE_LOOP_ANALYSIS = YES;
				CLANG_WARN_STRICT_PROTOTYPES = YES;
				CLANG_WARN_SUSPICIOUS_MOVE = YES;
				CLANG_WARN_UNGUARDED_AVAILABILITY = YES_AGGRESSIVE;
				CLANG_WARN_UNREACHABLE_CODE = YES;
				CLANG_WARN__DUPLICATE_METHOD_MATCH = YES;
				CODE_SIGN_IDENTITY = "iPhone Developer";
				COPY_PHASE_STRIP = NO;
				DEBUG_INFORMATION_FORMAT = "dwarf-with-dsym";
				ENABLE_NS_ASSERTIONS = NO;
				ENABLE_STRICT_OBJC_MSGSEND = YES;
				GCC_C_LANGUAGE_STANDARD = gnu11;
				GCC_NO_COMMON_BLOCKS = YES;
				GCC_WARN_64_TO_32_BIT_CONVERSION = YES;
				GCC_WARN_ABOUT_RETURN_TYPE = YES_ERROR;
				GCC_WARN_UNDECLARED_SELECTOR = YES;
				GCC_WARN_UNINITIALIZED_AUTOS = YES_AGGRESSIVE;
				GCC_WARN_UNUSED_FUNCTION = YES;
				GCC_WARN_UNUSED_VARIABLE = YES;
				IPHONEOS_DEPLOYMENT_TARGET = 12.1;
				MTL_ENABLE_DEBUG_INFO = NO;
				MTL_FAST_MATH = YES;
				SDKROOT = iphoneos;
				VALIDATE_PRODUCT = YES;
			};
			name = Release;
		};
		BFB80C942192ECDB0023EB61 /* Debug */ = {
			isa = XCBuildConfiguration;
			buildSettings = {
				ASSETCATALOG_COMPILER_APPICON_NAME = AppIcon;
				CODE_SIGN_STYLE = Automatic;
				DEVELOPMENT_TEAM = N63TP3XS82;
				INFOPLIST_FILE = OpenGL_demo/Info.plist;
				LD_RUNPATH_SEARCH_PATHS = (
					"$(inherited)",
					"@executable_path/Frameworks",
				);
				PRODUCT_BUNDLE_IDENTIFIER = "com.utunai.www.OpenGL-demo";
				PRODUCT_NAME = "$(TARGET_NAME)";
				TARGETED_DEVICE_FAMILY = "1,2";
			};
			name = Debug;
		};
		BFB80C952192ECDB0023EB61 /* Release */ = {
			isa = XCBuildConfiguration;
			buildSettings = {
				ASSETCATALOG_COMPILER_APPICON_NAME = AppIcon;
				CODE_SIGN_STYLE = Automatic;
				DEVELOPMENT_TEAM = N63TP3XS82;
				INFOPLIST_FILE = OpenGL_demo/Info.plist;
				LD_RUNPATH_SEARCH_PATHS = (
					"$(inherited)",
					"@executable_path/Frameworks",
				);
				PRODUCT_BUNDLE_IDENTIFIER = "com.utunai.www.OpenGL-demo";
				PRODUCT_NAME = "$(TARGET_NAME)";
				TARGETED_DEVICE_FAMILY = "1,2";
			};
			name = Release;
		};
		BFB80C972192ECDB0023EB61 /* Debug */ = {
			isa = XCBuildConfiguration;
			buildSettings = {
				BUNDLE_LOADER = "$(TEST_HOST)";
				CODE_SIGN_STYLE = Automatic;
				DEVELOPMENT_TEAM = N63TP3XS82;
				INFOPLIST_FILE = OpenGL_demoTests/Info.plist;
				LD_RUNPATH_SEARCH_PATHS = (
					"$(inherited)",
					"@executable_path/Frameworks",
					"@loader_path/Frameworks",
				);
				PRODUCT_BUNDLE_IDENTIFIER = "com.utunai.www.OpenGL-demoTests";
				PRODUCT_NAME = "$(TARGET_NAME)";
				TARGETED_DEVICE_FAMILY = "1,2";
				TEST_HOST = "$(BUILT_PRODUCTS_DIR)/OpenGL_demo.app/OpenGL_demo";
			};
			name = Debug;
		};
		BFB80C982192ECDB0023EB61 /* Release */ = {
			isa = XCBuildConfiguration;
			buildSettings = {
				BUNDLE_LOADER = "$(TEST_HOST)";
				CODE_SIGN_STYLE = Automatic;
				DEVELOPMENT_TEAM = N63TP3XS82;
				INFOPLIST_FILE = OpenGL_demoTests/Info.plist;
				LD_RUNPATH_SEARCH_PATHS = (
					"$(inherited)",
					"@executable_path/Frameworks",
					"@loader_path/Frameworks",
				);
				PRODUCT_BUNDLE_IDENTIFIER = "com.utunai.www.OpenGL-demoTests";
				PRODUCT_NAME = "$(TARGET_NAME)";
				TARGETED_DEVICE_FAMILY = "1,2";
				TEST_HOST = "$(BUILT_PRODUCTS_DIR)/OpenGL_demo.app/OpenGL_demo";
			};
			name = Release;
		};
		BFB80C9A2192ECDB0023EB61 /* Debug */ = {
			isa = XCBuildConfiguration;
			buildSettings = {
				CODE_SIGN_STYLE = Automatic;
				DEVELOPMENT_TEAM = N63TP3XS82;
				INFOPLIST_FILE = OpenGL_demoUITests/Info.plist;
				LD_RUNPATH_SEARCH_PATHS = (
					"$(inherited)",
					"@executable_path/Frameworks",
					"@loader_path/Frameworks",
				);
				PRODUCT_BUNDLE_IDENTIFIER = "com.utunai.www.OpenGL-demoUITests";
				PRODUCT_NAME = "$(TARGET_NAME)";
				TARGETED_DEVICE_FAMILY = "1,2";
				TEST_TARGET_NAME = OpenGL_demo;
			};
			name = Debug;
		};
		BFB80C9B2192ECDB0023EB61 /* Release */ = {
			isa = XCBuildConfiguration;
			buildSettings = {
				CODE_SIGN_STYLE = Automatic;
				DEVELOPMENT_TEAM = N63TP3XS82;
				INFOPLIST_FILE = OpenGL_demoUITests/Info.plist;
				LD_RUNPATH_SEARCH_PATHS = (
					"$(inherited)",
					"@executable_path/Frameworks",
					"@loader_path/Frameworks",
				);
				PRODUCT_BUNDLE_IDENTIFIER = "com.utunai.www.OpenGL-demoUITests";
				PRODUCT_NAME = "$(TARGET_NAME)";
				TARGETED_DEVICE_FAMILY = "1,2";
				TEST_TARGET_NAME = OpenGL_demo;
			};
			name = Release;
		};
/* End XCBuildConfiguration section */

/* Begin XCConfigurationList section */
		BFB80C622192ECD90023EB61 /* Build configuration list for PBXProject "OpenGL_demo" */ = {
			isa = XCConfigurationList;
			buildConfigurations = (
				BFB80C912192ECDB0023EB61 /* Debug */,
				BFB80C922192ECDB0023EB61 /* Release */,
			);
			defaultConfigurationIsVisible = 0;
			defaultConfigurationName = Release;
		};
		BFB80C932192ECDB0023EB61 /* Build configuration list for PBXNativeTarget "OpenGL_demo" */ = {
			isa = XCConfigurationList;
			buildConfigurations = (
				BFB80C942192ECDB0023EB61 /* Debug */,
				BFB80C952192ECDB0023EB61 /* Release */,
			);
			defaultConfigurationIsVisible = 0;
			defaultConfigurationName = Release;
		};
		BFB80C962192ECDB0023EB61 /* Build configuration list for PBXNativeTarget "OpenGL_demoTests" */ = {
			isa = XCConfigurationList;
			buildConfigurations = (
				BFB80C972192ECDB0023EB61 /* Debug */,
				BFB80C982192ECDB0023EB61 /* Release */,
			);
			defaultConfigurationIsVisible = 0;
			defaultConfigurationName = Release;
		};
		BFB80C992192ECDB0023EB61 /* Build configuration list for PBXNativeTarget "OpenGL_demoUITests" */ = {
			isa = XCConfigurationList;
			buildConfigurations = (
				BFB80C9A2192ECDB0023EB61 /* Debug */,
				BFB80C9B2192ECDB0023EB61 /* Release */,
			);
			defaultConfigurationIsVisible = 0;
			defaultConfigurationName = Release;
		};
/* End XCConfigurationList section */
	};
	rootObject = BFB80C5F2192ECD90023EB61 /* Project object */;
}
